{
  "name": "precrisis",
  "version": "0.0.1",
  "lockfileVersion": 3,
  "requires": true,
  "packages": {
    "": {
      "name": "precrisis",
      "version": "0.0.1",
      "license": "ISC",
      "dependencies": {
        "node-http-server": "^8.1.6"
      },
      "devDependencies": {}
    },
    "node_modules/node-http-server": {
      "version": "8.1.6",
      "resolved": "https://registry.npmjs.org/node-http-server/-/node-http-server-8.1.6.tgz",
      "integrity": "sha512-D115pVWCh1aVVlB/eq37t2npNFdB5qT8B6mziXT9zf/r4df6r2kd6qUHd6jY94uwAOATzNTnl9eLvt1CfWjuAw==",
      "license": "MIT",
      "bin": {
        "node-http-server": "bin/nhs.js"
      },
      "engines": {
        "node": ">=6.5.0"
      }
    }
  }
}
